// !$*UTF8*$!
{
	archiveVersion = 1;
	classes = {
	};
	objectVersion = 46;
	objects = {

/* Begin PBXBuildFile section */
		752A715C1E44DDA6006CBB29 /* AppDelegate.swift in Sources */ = {isa = PBXBuildFile; fileRef = 752A715B1E44DDA6006CBB29 /* AppDelegate.swift */; };
		752A715E1E44DDA6006CBB29 /* ViewController.swift in Sources */ = {isa = PBXBuildFile; fileRef = 752A715D1E44DDA6006CBB29 /* ViewController.swift */; };
		752A71611E44DDA6006CBB29 /* Main.storyboard in Resources */ = {isa = PBXBuildFile; fileRef = 752A715F1E44DDA6006CBB29 /* Main.storyboard */; };
		752A71631E44DDA6006CBB29 /* Assets.xcassets in Resources */ = {isa = PBXBuildFile; fileRef = 752A71621E44DDA6006CBB29 /* Assets.xcassets */; };
		752A71661E44DDA6006CBB29 /* LaunchScreen.storyboard in Resources */ = {isa = PBXBuildFile; fileRef = 752A71641E44DDA6006CBB29 /* LaunchScreen.storyboard */; };
/* End PBXBuildFile section */

/* Begin PBXFileReference section */
		752A71581E44DDA6006CBB29 /* SGClock.app */ = {isa = PBXFileReference; explicitFileType = wrapper.application; includeInIndex = 0; path = SGClock.app; sourceTree = BUILT_PRODUCTS_DIR; };
		752A715B1E44DDA6006CBB29 /* AppDelegate.swift */ = {isa = PBXFileReference; lastKnownFileType = sourcecode.swift; path = AppDelegate.swift; sourceTree = "<group>"; };
		752A715D1E44DDA6006CBB29 /* ViewController.swift */ = {isa = PBXFileReference; lastKnownFileType = sourcecode.swift; path = ViewController.swift; sourceTree = "<group>"; };
		752A71601E44DDA6006CBB29 /* Base */ = {isa = PBXFileReference; lastKnownFileType = file.storyboard; name = Base; path = Base.lproj/Main.storyboard; sourceTree = "<group>"; };
		752A71621E44DDA6006CBB29 /* Assets.xcassets */ = {isa = PBXFileReference; lastKnownFileType = folder.assetcatalog; path = Assets.xcassets; sourceTree = "<group>"; };
		752A71651E44DDA6006CBB29 /* Base */ = {isa = PBXFileReference; lastKnownFileType = file.storyboard; name = Base; path = Base.lproj/LaunchScreen.storyboard; sourceTree = "<group>"; };
		752A71671E44DDA6006CBB29 /* Info.plist */ = {isa = PBXFileReference; lastKnownFileType = text.plist.xml; path = Info.plist; sourceTree = "<group>"; };
/* End PBXFileReference section */

/* Begin PBXFrameworksBuildPhase section */
		752A71551E44DDA6006CBB29 /* Frameworks */ = {
			isa = PBXFrameworksBuildPhase;
			buildActionMask = 2147483647;
			files = (
			);
			runOnlyForDeploymentPostprocessing = 0;
		};
/* End PBXFrameworksBuildPhase section */

/* Begin PBXGroup section */
		752A714F1E44DDA6006CBB29 = {
			isa = PBXGroup;
			children = (
				752A715A1E44DDA6006CBB29 /* SGClock */,
				752A71591E44DDA6006CBB29 /* Products */,
			);
			sourceTree = "<group>";
		};
		752A71591E44DDA6006CBB29 /* Products */ = {
			isa = PBXGroup;
			children = (
				752A71581E44DDA6006CBB29 /* SGClock.app */,
			);
			name = Products;
			sourceTree = "<group>";
		};
		752A715A1E44DDA6006CBB29 /* SGClock */ = {
			isa = PBXGroup;
			children = (
				752A715B1E44DDA6006CBB29 /* AppDelegate.swift */,
				752A715D1E44DDA6006CBB29 /* ViewController.swift */,
				752A715F1E44DDA6006CBB29 /* Main.storyboard */,
				752A71621E44DDA6006CBB29 /* Assets.xcassets */,
				752A71641E44DDA6006CBB29 /* LaunchScreen.storyboard */,
				752A71671E44DDA6006CBB29 /* Info.plist */,
			);
			path = SGClock;
			sourceTree = "<group>";
		};
/* End PBXGroup section */

/* Begin PBXNativeTarget section */
		752A71571E44DDA6006CBB29 /* SGClock */ = {
			isa = PBXNativeTarget;
			buildConfigurationList = 752A716A1E44DDA6006CBB29 /* Build configuration list for PBXNativeTarget "SGClock" */;
			buildPhases = (
				752A71541E44DDA6006CBB29 /* Sources */,
				752A71551E44DDA6006CBB29 /* Frameworks */,
				752A71561E44DDA6006CBB29 /* Resources */,
			);
			buildRules = (
			);
			dependencies = (
			);
			name = SGClock;
			productName = SGClock;
			productReference = 752A71581E44DDA6006CBB29 /* SGClock.app */;
			productType = "com.apple.product-type.application";
		};
/* End PBXNativeTarget section */

/* Begin PBXProject section */
		752A71501E44DDA6006CBB29 /* Project object */ = {
			isa = PBXProject;
			attributes = {
				LastSwiftUpdateCheck = 0820;
				LastUpgradeCheck = 0820;
				ORGANIZATIONNAME = yvbbrjdr;
				TargetAttributes = {
					752A71571E44DDA6006CBB29 = {
						CreatedOnToolsVersion = 8.2.1;
						DevelopmentTeam = 3P29JY455N;
						ProvisioningStyle = Automatic;
					};
				};
			};
			buildConfigurationList = 752A71531E44DDA6006CBB29 /* Build configuration list for PBXProject "SGClock" */;
			compatibilityVersion = "Xcode 3.2";
			developmentRegion = English;
			hasScannedForEncodings = 0;
			knownRegions = (
				en,
				Base,
			);
			mainGroup = 752A714F1E44DDA6006CBB29;
			productRefGroup = 752A71591E44DDA6006CBB29 /* Products */;
			projectDirPath = "";
			projectRoot = "";
			targets = (
				752A71571E44DDA6006CBB29 /* SGClock */,
			);
		};
/* End PBXProject section */

/* Begin PBXResourcesBuildPhase section */
		752A71561E44DDA6006CBB29 /* Resources */ = {
			isa = PBXResourcesBuildPhase;
			buildActionMask = 2147483647;
			files = (
				752A71661E44DDA6006CBB29 /* LaunchScreen.storyboard in Resources */,
				752A71631E44DDA6006CBB29 /* Assets.xcassets in Resources */,
				752A71611E44DDA6006CBB29 /* Main.storyboard in Resources */,
			);
			runOnlyForDeploymentPostprocessing = 0;
		};
/* End PBXResourcesBuildPhase section */

/* Begin PBXSourcesBuildPhase section */
		752A71541E44DDA6006CBB29 /* Sources */ = {
			isa = PBXSourcesBuildPhase;
			buildActionMask = 2147483647;
			files = (
				752A715E1E44DDA6006CBB29 /* ViewController.swift in Sources */,
				752A715C1E44DDA6006CBB29 /* AppDelegate.swift in Sources */,
			);
			runOnlyForDeploymentPostprocessing = 0;
		};
/* End PBXSourcesBuildPhase section */

/* Begin PBXVariantGroup section */
		752A715F1E44DDA6006CBB29 /* Main.storyboard */ = {
			isa = PBXVariantGroup;
			children = (
				752A71601E44DDA6006CBB29 /* Base */,
			);
			name = Main.storyboard;
			sourceTree = "<group>";
		};
		752A71641E44DDA6006CBB29 /* LaunchScreen.storyboard */ = {
			isa = PBXVariantGroup;
			children = (
				752A71651E44DDA6006CBB29 /* Base */,
			);
			name = LaunchScreen.storyboard;
			sourceTree = "<group>";
		};
/* End PBXVariantGroup section */

/* Begin XCBuildConfiguration section */
		752A71681E44DDA6006CBB29 /* Debug */ = {
			isa = XCBuildConfiguration;
			buildSettings = {
				ALWAYS_SEARCH_USER_PATHS = NO;
				CLANG_ANALYZER_NONNULL = YES;
				CLANG_CXX_LANGUAGE_STANDARD = "gnu++0x";
				CLANG_CXX_LIBRARY = "libc++";
				CLANG_ENABLE_MODULES = YES;
				CLANG_ENABLE_OBJC_ARC = YES;
				CLANG_WARN_BOOL_CONVERSION = YES;
				CLANG_WARN_CONSTANT_CONVERSION = YES;
				CLANG_WARN_DIRECT_OBJC_ISA_USAGE = YES_ERROR;
				CLANG_WARN_DOCUMENTATION_COMMENTS = YES;
				CLANG_WARN_EMPTY_BODY = YES;
				CLANG_WARN_ENUM_CONVERSION = YES;
				CLANG_WARN_INFINITE_RECURSION = YES;
				CLANG_WARN_INT_CONVERSION = YES;
				CLANG_WARN_OBJC_ROOT_CLASS = YES_ERROR;
				CLANG_WARN_SUSPICIOUS_MOVE = YES;
				CLANG_WARN_UNREACHABLE_CODE = YES;
				CLANG_WARN__DUPLICATE_METHOD_MATCH = YES;
				"CODE_SIGN_IDENTITY[sdk=iphoneos*]" = "iPhone Developer";
				COPY_PHASE_STRIP = NO;
				DEBUG_INFORMATION_FORMAT = dwarf;
				ENABLE_STRICT_OBJC_MSGSEND = YES;
				ENABLE_TESTABILITY = YES;
				GCC_C_LANGUAGE_STANDARD = gnu99;
				GCC_DYNAMIC_NO_PIC = NO;
				GCC_NO_COMMON_BLOCKS = YES;
				GCC_OPTIMIZATION_LEVEL = 0;
				GCC_PREPROCESSOR_DEFINITIONS = (
					"DEBUG=1",
					"$(inherited)",
				);
				GCC_WARN_64_TO_32_BIT_CONVERSION = YES;
				GCC_WARN_ABOUT_RETURN_TYPE = YES_ERROR;
				GCC_WARN_UNDECLARED_SELECTOR = YES;
				GCC_WARN_UNINITIALIZED_AUTOS = YES_AGGRESSIVE;
				GCC_WARN_UNUSED_FUNCTION = YES;
				GCC_WARN_UNUSED_VARIABLE = YES;
				IPHONEOS_DEPLOYMENT_TARGET = 8.0;
				MTL_ENABLE_DEBUG_INFO = YES;
				ONLY_ACTIVE_ARCH = YES;
				SDKROOT = iphoneos;
				SWIFT_ACTIVE_COMPILATION_CONDITIONS = DEBUG;
				SWIFT_OPTIMIZATION_LEVEL = "-Onone";
				TARGETED_DEVICE_FAMILY = "1,2";
			};
			name = Debug;
		};
		752A71691E44DDA6006CBB29 /* Release */ = {
			isa = XCBuildConfiguration;
			buildSettings = {
				ALWAYS_SEARCH_USER_PATHS = NO;
				CLANG_ANALYZER_NONNULL = YES;
				CLANG_CXX_LANGUAGE_STANDARD = "gnu++0x";
				CLANG_CXX_LIBRARY = "libc++";
				CLANG_ENABLE_MODULES = YES;
				CLANG_ENABLE_OBJC_ARC = YES;
				CLANG_WARN_BOOL_CONVERSION = YES;
				CLANG_WARN_CONSTANT_CONVERSION = YES;
				CLANG_WARN_DIRECT_OBJC_ISA_USAGE = YES_ERROR;
				CLANG_WARN_DOCUMENTATION_COMMENTS = YES;
				CLANG_WARN_EMPTY_BODY = YES;
				CLANG_WARN_ENUM_CONVERSION = YES;
				CLANG_WARN_INFINITE_RECURSION = YES;
				CLANG_WARN_INT_CONVERSION = YES;
				CLANG_WARN_OBJC_ROOT_CLASS = YES_ERROR;
				CLANG_WARN_SUSPICIOUS_MOVE = YES;
				CLANG_WARN_UNREACHABLE_CODE = YES;
				CLANG_WARN__DUPLICATE_METHOD_MATCH = YES;
				"CODE_SIGN_IDENTITY[sdk=iphoneos*]" = "iPhone Developer";
				COPY_PHASE_STRIP = NO;
				DEBUG_INFORMATION_FORMAT = "dwarf-with-dsym";
				ENABLE_NS_ASSERTIONS = NO;
				ENABLE_STRICT_OBJC_MSGSEND = YES;
				GCC_C_LANGUAGE_STANDARD = gnu99;
				GCC_NO_COMMON_BLOCKS = YES;
				GCC_WARN_64_TO_32_BIT_CONVERSION = YES;
				GCC_WARN_ABOUT_RETURN_TYPE = YES_ERROR;
				GCC_WARN_UNDECLARED_SELECTOR = YES;
				GCC_WARN_UNINITIALIZED_AUTOS = YES_AGGRESSIVE;
				GCC_WARN_UNUSED_FUNCTION = YES;
				GCC_WARN_UNUSED_VARIABLE = YES;
				IPHONEOS_DEPLOYMENT_TARGET = 8.0;
				MTL_ENABLE_DEBUG_INFO = NO;
				SDKROOT = iphoneos;
				SWIFT_OPTIMIZATION_LEVEL = "-Owholemodule";
				TARGETED_DEVICE_FAMILY = "1,2";
				VALIDATE_PRODUCT = YES;
			};
			name = Release;
		};
		752A716B1E44DDA6006CBB29 /* Debug */ = {
			isa = XCBuildConfiguration;
			buildSettings = {
				ASSETCATALOG_COMPILER_APPICON_NAME = AppIcon;
				DEVELOPMENT_TEAM = 3P29JY455N;
				INFOPLIST_FILE = SGClock/Info.plist;
				IPHONEOS_DEPLOYMENT_TARGET = 8.0;
				LD_RUNPATH_SEARCH_PATHS = "$(inherited) @executable_path/Frameworks";
				PRODUCT_BUNDLE_IDENTIFIER = tk.yvbbrjdr.SGClock;
				PRODUCT_NAME = "$(TARGET_NAME)";
				SWIFT_VERSION = 3.0;
			};
			name = Debug;
		};
		752A716C1E44DDA6006CBB29 /* Release */ = {
			isa = XCBuildConfiguration;
			buildSettings = {
				ASSETCATALOG_COMPILER_APPICON_NAME = AppIcon;
				DEVELOPMENT_TEAM = 3P29JY455N;
				INFOPLIST_FILE = SGClock/Info.plist;
				IPHONEOS_DEPLOYMENT_TARGET = 8.0;
				LD_RUNPATH_SEARCH_PATHS = "$(inherited) @executable_path/Frameworks";
				PRODUCT_BUNDLE_IDENTIFIER = tk.yvbbrjdr.SGClock;
				PRODUCT_NAME = "$(TARGET_NAME)";
				SWIFT_VERSION = 3.0;
			};
			name = Release;
		};
/* End XCBuildConfiguration section */

/* Begin XCConfigurationList section */
		752A71531E44DDA6006CBB29 /* Build configuration list for PBXProject "SGClock" */ = {
			isa = XCConfigurationList;
			buildConfigurations = (
				752A71681E44DDA6006CBB29 /* Debug */,
				752A71691E44DDA6006CBB29 /* Release */,
			);
			defaultConfigurationIsVisible = 0;
			defaultConfigurationName = Release;
		};
		752A716A1E44DDA6006CBB29 /* Build configuration list for PBXNativeTarget "SGClock" */ = {
			isa = XCConfigurationList;
			buildConfigurations = (
				752A716B1E44DDA6006CBB29 /* Debug */,
				752A716C1E44DDA6006CBB29 /* Release */,
			);
			defaultConfigurationIsVisible = 0;
		};
/* End XCConfigurationList section */
	};
	rootObject = 752A71501E44DDA6006CBB29 /* Project object */;
}
